// !$*UTF8*$!
{
	archiveVersion = 1;
	classes = {
	};
	objectVersion = 56;
	objects = {

/* Begin PBXBuildFile section */
		62E3ADA02B2524CF008C84BA /* AppDelegate.swift in Sources */ = {isa = PBXBuildFile; fileRef = 62E3AD9F2B2524CF008C84BA /* AppDelegate.swift */; };
		62E3ADA22B2524CF008C84BA /* SceneDelegate.swift in Sources */ = {isa = PBXBuildFile; fileRef = 62E3ADA12B2524CF008C84BA /* SceneDelegate.swift */; };
		62E3ADA42B2524CF008C84BA /* ViewController.swift in Sources */ = {isa = PBXBuildFile; fileRef = 62E3ADA32B2524CF008C84BA /* ViewController.swift */; };
		62E3ADA72B2524CF008C84BA /* Main.storyboard in Resources */ = {isa = PBXBuildFile; fileRef = 62E3ADA52B2524CF008C84BA /* Main.storyboard */; };
		62E3ADAA2B2524CF008C84BA /* Question02.xcdatamodeld in Sources */ = {isa = PBXBuildFile; fileRef = 62E3ADA82B2524CF008C84BA /* Question02.xcdatamodeld */; };
		62E3ADAC2B2524D1008C84BA /* Assets.xcassets in Resources */ = {isa = PBXBuildFile; fileRef = 62E3ADAB2B2524D1008C84BA /* Assets.xcassets */; };
		62E3ADAF2B2524D1008C84BA /* LaunchScreen.storyboard in Resources */ = {isa = PBXBuildFile; fileRef = 62E3ADAD2B2524D1008C84BA /* LaunchScreen.storyboard */; };
		62E3ADB82B252562008C84BA /* SeattleTableViewCell.swift in Sources */ = {isa = PBXBuildFile; fileRef = 62E3ADB62B252562008C84BA /* SeattleTableViewCell.swift */; };
		62E3ADB92B252562008C84BA /* SeattleTableViewCell.xib in Resources */ = {isa = PBXBuildFile; fileRef = 62E3ADB72B252562008C84BA /* SeattleTableViewCell.xib */; };
/* End PBXBuildFile section */

/* Begin PBXFileReference section */
		62E3AD9C2B2524CF008C84BA /* Question02.app */ = {isa = PBXFileReference; explicitFileType = wrapper.application; includeInIndex = 0; path = Question02.app; sourceTree = BUILT_PRODUCTS_DIR; };
		62E3AD9F2B2524CF008C84BA /* AppDelegate.swift */ = {isa = PBXFileReference; lastKnownFileType = sourcecode.swift; path = AppDelegate.swift; sourceTree = "<group>"; };
		62E3ADA12B2524CF008C84BA /* SceneDelegate.swift */ = {isa = PBXFileReference; lastKnownFileType = sourcecode.swift; path = SceneDelegate.swift; sourceTree = "<group>"; };
		62E3ADA32B2524CF008C84BA /* ViewController.swift */ = {isa = PBXFileReference; lastKnownFileType = sourcecode.swift; path = ViewController.swift; sourceTree = "<group>"; };
		62E3ADA62B2524CF008C84BA /* Base */ = {isa = PBXFileReference; lastKnownFileType = file.storyboard; name = Base; path = Base.lproj/Main.storyboard; sourceTree = "<group>"; };
		62E3ADA92B2524CF008C84BA /* Question02.xcdatamodel */ = {isa = PBXFileReference; lastKnownFileType = wrapper.xcdatamodel; path = Question02.xcdatamodel; sourceTree = "<group>"; };
		62E3ADAB2B2524D1008C84BA /* Assets.xcassets */ = {isa = PBXFileReference; lastKnownFileType = folder.assetcatalog; path = Assets.xcassets; sourceTree = "<group>"; };
		62E3ADAE2B2524D1008C84BA /* Base */ = {isa = PBXFileReference; lastKnownFileType = file.storyboard; name = Base; path = Base.lproj/LaunchScreen.storyboard; sourceTree = "<group>"; };
		62E3ADB02B2524D1008C84BA /* Info.plist */ = {isa = PBXFileReference; lastKnownFileType = text.plist.xml; path = Info.plist; sourceTree = "<group>"; };
		62E3ADB62B252562008C84BA /* SeattleTableViewCell.swift */ = {isa = PBXFileReference; lastKnownFileType = sourcecode.swift; path = SeattleTableViewCell.swift; sourceTree = "<group>"; };
		62E3ADB72B252562008C84BA /* SeattleTableViewCell.xib */ = {isa = PBXFileReference; lastKnownFileType = file.xib; path = SeattleTableViewCell.xib; sourceTree = "<group>"; };
/* End PBXFileReference section */

/* Begin PBXFrameworksBuildPhase section */
		62E3AD992B2524CF008C84BA /* Frameworks */ = {
			isa = PBXFrameworksBuildPhase;
			buildActionMask = 2147483647;
			files = (
			);
			runOnlyForDeploymentPostprocessing = 0;
		};
/* End PBXFrameworksBuildPhase section */

/* Begin PBXGroup section */
		62E3AD932B2524CF008C84BA = {
			isa = PBXGroup;
			children = (
				62E3AD9E2B2524CF008C84BA /* Question02 */,
				62E3AD9D2B2524CF008C84BA /* Products */,
			);
			sourceTree = "<group>";
		};
		62E3AD9D2B2524CF008C84BA /* Products */ = {
			isa = PBXGroup;
			children = (
				62E3AD9C2B2524CF008C84BA /* Question02.app */,
			);
			name = Products;
			sourceTree = "<group>";
		};
		62E3AD9E2B2524CF008C84BA /* Question02 */ = {
			isa = PBXGroup;
			children = (
				62E3AD9F2B2524CF008C84BA /* AppDelegate.swift */,
				62E3ADA12B2524CF008C84BA /* SceneDelegate.swift */,
				62E3ADA32B2524CF008C84BA /* ViewController.swift */,
				62E3ADA52B2524CF008C84BA /* Main.storyboard */,
				62E3ADAB2B2524D1008C84BA /* Assets.xcassets */,
				62E3ADAD2B2524D1008C84BA /* LaunchScreen.storyboard */,
				62E3ADB02B2524D1008C84BA /* Info.plist */,
				62E3ADA82B2524CF008C84BA /* Question02.xcdatamodeld */,
				62E3ADB62B252562008C84BA /* SeattleTableViewCell.swift */,
				62E3ADB72B252562008C84BA /* SeattleTableViewCell.xib */,
			);
			path = Question02;
			sourceTree = "<group>";
		};
/* End PBXGroup section */

/* Begin PBXNativeTarget section */
		62E3AD9B2B2524CF008C84BA /* Question02 */ = {
			isa = PBXNativeTarget;
			buildConfigurationList = 62E3ADB32B2524D1008C84BA /* Build configuration list for PBXNativeTarget "Question02" */;
			buildPhases = (
				62E3AD982B2524CF008C84BA /* Sources */,
				62E3AD992B2524CF008C84BA /* Frameworks */,
				62E3AD9A2B2524CF008C84BA /* Resources */,
			);
			buildRules = (
			);
			dependencies = (
			);
			name = Question02;
			productName = Question02;
			productReference = 62E3AD9C2B2524CF008C84BA /* Question02.app */;
			productType = "com.apple.product-type.application";
		};
/* End PBXNativeTarget section */

/* Begin PBXProject section */
		62E3AD942B2524CF008C84BA /* Project object */ = {
			isa = PBXProject;
			attributes = {
				BuildIndependentTargetsInParallel = 1;
				LastSwiftUpdateCheck = 1420;
				LastUpgradeCheck = 1420;
				TargetAttributes = {
					62E3AD9B2B2524CF008C84BA = {
						CreatedOnToolsVersion = 14.2;
					};
				};
			};
			buildConfigurationList = 62E3AD972B2524CF008C84BA /* Build configuration list for PBXProject "Question02" */;
			compatibilityVersion = "Xcode 14.0";
			developmentRegion = en;
			hasScannedForEncodings = 0;
			knownRegions = (
				en,
				Base,
			);
			mainGroup = 62E3AD932B2524CF008C84BA;
			productRefGroup = 62E3AD9D2B2524CF008C84BA /* Products */;
			projectDirPath = "";
			projectRoot = "";
			targets = (
				62E3AD9B2B2524CF008C84BA /* Question02 */,
			);
		};
/* End PBXProject section */

/* Begin PBXResourcesBuildPhase section */
		62E3AD9A2B2524CF008C84BA /* Resources */ = {
			isa = PBXResourcesBuildPhase;
			buildActionMask = 2147483647;
			files = (
				62E3ADAF2B2524D1008C84BA /* LaunchScreen.storyboard in Resources */,
				62E3ADAC2B2524D1008C84BA /* Assets.xcassets in Resources */,
				62E3ADB92B252562008C84BA /* SeattleTableViewCell.xib in Resources */,
				62E3ADA72B2524CF008C84BA /* Main.storyboard in Resources */,
			);
			runOnlyForDeploymentPostprocessing = 0;
		};
/* End PBXResourcesBuildPhase section */

/* Begin PBXSourcesBuildPhase section */
		62E3AD982B2524CF008C84BA /* Sources */ = {
			isa = PBXSourcesBuildPhase;
			buildActionMask = 2147483647;
			files = (
				62E3ADA42B2524CF008C84BA /* ViewController.swift in Sources */,
				62E3ADAA2B2524CF008C84BA /* Question02.xcdatamodeld in Sources */,
				62E3ADA02B2524CF008C84BA /* AppDelegate.swift in Sources */,
				62E3ADB82B252562008C84BA /* SeattleTableViewCell.swift in Sources */,
				62E3ADA22B2524CF008C84BA /* SceneDelegate.swift in Sources */,
			);
			runOnlyForDeploymentPostprocessing = 0;
		};
/* End PBXSourcesBuildPhase section */

/* Begin PBXVariantGroup section */
		62E3ADA52B2524CF008C84BA /* Main.storyboard */ = {
			isa = PBXVariantGroup;
			children = (
				62E3ADA62B2524CF008C84BA /* Base */,
			);
			name = Main.storyboard;
			sourceTree = "<group>";
		};
		62E3ADAD2B2524D1008C84BA /* LaunchScreen.storyboard */ = {
			isa = PBXVariantGroup;
			children = (
				62E3ADAE2B2524D1008C84BA /* Base */,
			);
			name = LaunchScreen.storyboard;
			sourceTree = "<group>";
		};
/* End PBXVariantGroup section */

/* Begin XCBuildConfiguration section */
		62E3ADB12B2524D1008C84BA /* Debug */ = {
			isa = XCBuildConfiguration;
			buildSettings = {
				ALWAYS_SEARCH_USER_PATHS = NO;
				CLANG_ANALYZER_NONNULL = YES;
				CLANG_ANALYZER_NUMBER_OBJECT_CONVERSION = YES_AGGRESSIVE;
				CLANG_CXX_LANGUAGE_STANDARD = "gnu++20";
				CLANG_ENABLE_MODULES = YES;
				CLANG_ENABLE_OBJC_ARC = YES;
				CLANG_ENABLE_OBJC_WEAK = YES;
				CLANG_WARN_BLOCK_CAPTURE_AUTORELEASING = YES;
				CLANG_WARN_BOOL_CONVERSION = YES;
				CLANG_WARN_COMMA = YES;
				CLANG_WARN_CONSTANT_CONVERSION = YES;
				CLANG_WARN_DEPRECATED_OBJC_IMPLEMENTATIONS = YES;
				CLANG_WARN_DIRECT_OBJC_ISA_USAGE = YES_ERROR;
				CLANG_WARN_DOCUMENTATION_COMMENTS = YES;
				CLANG_WARN_EMPTY_BODY = YES;
				CLANG_WARN_ENUM_CONVERSION = YES;
				CLANG_WARN_INFINITE_RECURSION = YES;
				CLANG_WARN_INT_CONVERSION = YES;
				CLANG_WARN_NON_LITERAL_NULL_CONVERSION = YES;
				CLANG_WARN_OBJC_IMPLICIT_RETAIN_SELF = YES;
				CLANG_WARN_OBJC_LITERAL_CONVERSION = YES;
				CLANG_WARN_OBJC_ROOT_CLASS = YES_ERROR;
				CLANG_WARN_QUOTED_INCLUDE_IN_FRAMEWORK_HEADER = YES;
				CLANG_WARN_RANGE_LOOP_ANALYSIS = YES;
				CLANG_WARN_STRICT_PROTOTYPES = YES;
				CLANG_WARN_SUSPICIOUS_MOVE = YES;
				CLANG_WARN_UNGUARDED_AVAILABILITY = YES_AGGRESSIVE;
				CLANG_WARN_UNREACHABLE_CODE = YES;
				CLANG_WARN__DUPLICATE_METHOD_MATCH = YES;
				COPY_PHASE_STRIP = NO;
				DEBUG_INFORMATION_FORMAT = dwarf;
				ENABLE_STRICT_OBJC_MSGSEND = YES;
				ENABLE_TESTABILITY = YES;
				GCC_C_LANGUAGE_STANDARD = gnu11;
				GCC_DYNAMIC_NO_PIC = NO;
				GCC_NO_COMMON_BLOCKS = YES;
				GCC_OPTIMIZATION_LEVEL = 0;
				GCC_PREPROCESSOR_DEFINITIONS = (
					"DEBUG=1",
					"$(inherited)",
				);
				GCC_WARN_64_TO_32_BIT_CONVERSION = YES;
				GCC_WARN_ABOUT_RETURN_TYPE = YES_ERROR;
				GCC_WARN_UNDECLARED_SELECTOR = YES;
				GCC_WARN_UNINITIALIZED_AUTOS = YES_AGGRESSIVE;
				GCC_WARN_UNUSED_FUNCTION = YES;
				GCC_WARN_UNUSED_VARIABLE = YES;
				IPHONEOS_DEPLOYMENT_TARGET = 16.2;
				MTL_ENABLE_DEBUG_INFO = INCLUDE_SOURCE;
				MTL_FAST_MATH = YES;
				ONLY_ACTIVE_ARCH = YES;
				SDKROOT = iphoneos;
				SWIFT_ACTIVE_COMPILATION_CONDITIONS = DEBUG;
				SWIFT_OPTIMIZATION_LEVEL = "-Onone";
			};
			name = Debug;
		};
		62E3ADB22B2524D1008C84BA /* Release */ = {
			isa = XCBuildConfiguration;
			buildSettings = {
				ALWAYS_SEARCH_USER_PATHS = NO;
				CLANG_ANALYZER_NONNULL = YES;
				CLANG_ANALYZER_NUMBER_OBJECT_CONVERSION = YES_AGGRESSIVE;
				CLANG_CXX_LANGUAGE_STANDARD = "gnu++20";
				CLANG_ENABLE_MODULES = YES;
				CLANG_ENABLE_OBJC_ARC = YES;
				CLANG_ENABLE_OBJC_WEAK = YES;
				CLANG_WARN_BLOCK_CAPTURE_AUTORELEASING = YES;
				CLANG_WARN_BOOL_CONVERSION = YES;
				CLANG_WARN_COMMA = YES;
				CLANG_WARN_CONSTANT_CONVERSION = YES;
				CLANG_WARN_DEPRECATED_OBJC_IMPLEMENTATIONS = YES;
				CLANG_WARN_DIRECT_OBJC_ISA_USAGE = YES_ERROR;
				CLANG_WARN_DOCUMENTATION_COMMENTS = YES;
				CLANG_WARN_EMPTY_BODY = YES;
				CLANG_WARN_ENUM_CONVERSION = YES;
				CLANG_WARN_INFINITE_RECURSION = YES;
				CLANG_WARN_INT_CONVERSION = YES;
				CLANG_WARN_NON_LITERAL_NULL_CONVERSION = YES;
				CLANG_WARN_OBJC_IMPLICIT_RETAIN_SELF = YES;
				CLANG_WARN_OBJC_LITERAL_CONVERSION = YES;
				CLANG_WARN_OBJC_ROOT_CLASS = YES_ERROR;
				CLANG_WARN_QUOTED_INCLUDE_IN_FRAMEWORK_HEADER = YES;
				CLANG_WARN_RANGE_LOOP_ANALYSIS = YES;
				CLANG_WARN_STRICT_PROTOTYPES = YES;
				CLANG_WARN_SUSPICIOUS_MOVE = YES;
				CLANG_WARN_UNGUARDED_AVAILABILITY = YES_AGGRESSIVE;
				CLANG_WARN_UNREACHABLE_CODE = YES;
				CLANG_WARN__DUPLICATE_METHOD_MATCH = YES;
				COPY_PHASE_STRIP = NO;
				DEBUG_INFORMATION_FORMAT = "dwarf-with-dsym";
				ENABLE_NS_ASSERTIONS = NO;
				ENABLE_STRICT_OBJC_MSGSEND = YES;
				GCC_C_LANGUAGE_STANDARD = gnu11;
				GCC_NO_COMMON_BLOCKS = YES;
				GCC_WARN_64_TO_32_BIT_CONVERSION = YES;
				GCC_WARN_ABOUT_RETURN_TYPE = YES_ERROR;
				GCC_WARN_UNDECLARED_SELECTOR = YES;
				GCC_WARN_UNINITIALIZED_AUTOS = YES_AGGRESSIVE;
				GCC_WARN_UNUSED_FUNCTION = YES;
				GCC_WARN_UNUSED_VARIABLE = YES;
				IPHONEOS_DEPLOYMENT_TARGET = 16.2;
				MTL_ENABLE_DEBUG_INFO = NO;
				MTL_FAST_MATH = YES;
				SDKROOT = iphoneos;
				SWIFT_COMPILATION_MODE = wholemodule;
				SWIFT_OPTIMIZATION_LEVEL = "-O";
				VALIDATE_PRODUCT = YES;
			};
			name = Release;
		};
		62E3ADB42B2524D1008C84BA /* Debug */ = {
			isa = XCBuildConfiguration;
			buildSettings = {
				ASSETCATALOG_COMPILER_APPICON_NAME = AppIcon;
				ASSETCATALOG_COMPILER_GLOBAL_ACCENT_COLOR_NAME = AccentColor;
				CODE_SIGN_STYLE = Automatic;
				CURRENT_PROJECT_VERSION = 1;
				DEVELOPMENT_TEAM = NF5V9V9RM3;
				GENERATE_INFOPLIST_FILE = YES;
				INFOPLIST_FILE = Question02/Info.plist;
				INFOPLIST_KEY_UIApplicationSupportsIndirectInputEvents = YES;
				INFOPLIST_KEY_UILaunchStoryboardName = LaunchScreen;
				INFOPLIST_KEY_UIMainStoryboardFile = Main;
				INFOPLIST_KEY_UISupportedInterfaceOrientations_iPad = "UIInterfaceOrientationPortrait UIInterfaceOrientationPortraitUpsideDown UIInterfaceOrientationLandscapeLeft UIInterfaceOrientationLandscapeRight";
				INFOPLIST_KEY_UISupportedInterfaceOrientations_iPhone = "UIInterfaceOrientationPortrait UIInterfaceOrientationLandscapeLeft UIInterfaceOrientationLandscapeRight";
				LD_RUNPATH_SEARCH_PATHS = (
					"$(inherited)",
					"@executable_path/Frameworks",
				);
				MARKETING_VERSION = 1.0;
				PRODUCT_BUNDLE_IDENTIFIER = northeastern.edu.Question02;
				PRODUCT_NAME = "$(TARGET_NAME)";
				SWIFT_EMIT_LOC_STRINGS = YES;
				SWIFT_VERSION = 5.0;
				TARGETED_DEVICE_FAMILY = "1,2";
			};
			name = Debug;
		};
		62E3ADB52B2524D1008C84BA /* Release */ = {
			isa = XCBuildConfiguration;
			buildSettings = {
				ASSETCATALOG_COMPILER_APPICON_NAME = AppIcon;
				ASSETCATALOG_COMPILER_GLOBAL_ACCENT_COLOR_NAME = AccentColor;
				CODE_SIGN_STYLE = Automatic;
				CURRENT_PROJECT_VERSION = 1;
				DEVELOPMENT_TEAM = NF5V9V9RM3;
				GENERATE_INFOPLIST_FILE = YES;
				INFOPLIST_FILE = Question02/Info.plist;
				INFOPLIST_KEY_UIApplicationSupportsIndirectInputEvents = YES;
				INFOPLIST_KEY_UILaunchStoryboardName = LaunchScreen;
				INFOPLIST_KEY_UIMainStoryboardFile = Main;
				INFOPLIST_KEY_UISupportedInterfaceOrientations_iPad = "UIInterfaceOrientationPortrait UIInterfaceOrientationPortraitUpsideDown UIInterfaceOrientationLandscapeLeft UIInterfaceOrientationLandscapeRight";
				INFOPLIST_KEY_UISupportedInterfaceOrientations_iPhone = "UIInterfaceOrientationPortrait UIInterfaceOrientationLandscapeLeft UIInterfaceOrientationLandscapeRight";
				LD_RUNPATH_SEARCH_PATHS = (
					"$(inherited)",
					"@executable_path/Frameworks",
				);
				MARKETING_VERSION = 1.0;
				PRODUCT_BUNDLE_IDENTIFIER = northeastern.edu.Question02;
				PRODUCT_NAME = "$(TARGET_NAME)";
				SWIFT_EMIT_LOC_STRINGS = YES;
				SWIFT_VERSION = 5.0;
				TARGETED_DEVICE_FAMILY = "1,2";
			};
			name = Release;
		};
/* End XCBuildConfiguration section */

/* Begin XCConfigurationList section */
		62E3AD972B2524CF008C84BA /* Build configuration list for PBXProject "Question02" */ = {
			isa = XCConfigurationList;
			buildConfigurations = (
				62E3ADB12B2524D1008C84BA /* Debug */,
				62E3ADB22B2524D1008C84BA /* Release */,
			);
			defaultConfigurationIsVisible = 0;
			defaultConfigurationName = Release;
		};
		62E3ADB32B2524D1008C84BA /* Build configuration list for PBXNativeTarget "Question02" */ = {
			isa = XCConfigurationList;
			buildConfigurations = (
				62E3ADB42B2524D1008C84BA /* Debug */,
				62E3ADB52B2524D1008C84BA /* Release */,
			);
			defaultConfigurationIsVisible = 0;
			defaultConfigurationName = Release;
		};
/* End XCConfigurationList section */

/* Begin XCVersionGroup section */
		62E3ADA82B2524CF008C84BA /* Question02.xcdatamodeld */ = {
			isa = XCVersionGroup;
			children = (
				62E3ADA92B2524CF008C84BA /* Question02.xcdatamodel */,
			);
			currentVersion = 62E3ADA92B2524CF008C84BA /* Question02.xcdatamodel */;
			path = Question02.xcdatamodeld;
			sourceTree = "<group>";
			versionGroupType = wrapper.xcdatamodel;
		};
/* End XCVersionGroup section */
	};
	rootObject = 62E3AD942B2524CF008C84BA /* Project object */;
}
