// !$*UTF8*$!
{
	archiveVersion = 1;
	classes = {
	};
	objectVersion = 56;
	objects = {

/* Begin PBXBuildFile section */
		3B1DD8ABDCCFD83FF3F7FBDE /* Pods_Question01.framework in Frameworks */ = {isa = PBXBuildFile; fileRef = E211E56F9A42D7F0871B9602 /* Pods_Question01.framework */; };
		62E3AD792B251F46008C84BA /* AppDelegate.swift in Sources */ = {isa = PBXBuildFile; fileRef = 62E3AD782B251F46008C84BA /* AppDelegate.swift */; };
		62E3AD7B2B251F46008C84BA /* SceneDelegate.swift in Sources */ = {isa = PBXBuildFile; fileRef = 62E3AD7A2B251F46008C84BA /* SceneDelegate.swift */; };
		62E3AD7D2B251F46008C84BA /* ViewController.swift in Sources */ = {isa = PBXBuildFile; fileRef = 62E3AD7C2B251F46008C84BA /* ViewController.swift */; };
		62E3AD802B251F46008C84BA /* Main.storyboard in Resources */ = {isa = PBXBuildFile; fileRef = 62E3AD7E2B251F46008C84BA /* Main.storyboard */; };
		62E3AD832B251F46008C84BA /* Question01.xcdatamodeld in Sources */ = {isa = PBXBuildFile; fileRef = 62E3AD812B251F46008C84BA /* Question01.xcdatamodeld */; };
		62E3AD852B251F48008C84BA /* Assets.xcassets in Resources */ = {isa = PBXBuildFile; fileRef = 62E3AD842B251F48008C84BA /* Assets.xcassets */; };
		62E3AD882B251F48008C84BA /* LaunchScreen.storyboard in Resources */ = {isa = PBXBuildFile; fileRef = 62E3AD862B251F48008C84BA /* LaunchScreen.storyboard */; };
		62E3AD922B2520EB008C84BA /* Constants.swift in Sources */ = {isa = PBXBuildFile; fileRef = 62E3AD912B2520EB008C84BA /* Constants.swift */; };
/* End PBXBuildFile section */

/* Begin PBXFileReference section */
		62E3AD752B251F46008C84BA /* Question01.app */ = {isa = PBXFileReference; explicitFileType = wrapper.application; includeInIndex = 0; path = Question01.app; sourceTree = BUILT_PRODUCTS_DIR; };
		62E3AD782B251F46008C84BA /* AppDelegate.swift */ = {isa = PBXFileReference; lastKnownFileType = sourcecode.swift; path = AppDelegate.swift; sourceTree = "<group>"; };
		62E3AD7A2B251F46008C84BA /* SceneDelegate.swift */ = {isa = PBXFileReference; lastKnownFileType = sourcecode.swift; path = SceneDelegate.swift; sourceTree = "<group>"; };
		62E3AD7C2B251F46008C84BA /* ViewController.swift */ = {isa = PBXFileReference; lastKnownFileType = sourcecode.swift; path = ViewController.swift; sourceTree = "<group>"; };
		62E3AD7F2B251F46008C84BA /* Base */ = {isa = PBXFileReference; lastKnownFileType = file.storyboard; name = Base; path = Base.lproj/Main.storyboard; sourceTree = "<group>"; };
		62E3AD822B251F46008C84BA /* Question01.xcdatamodel */ = {isa = PBXFileReference; lastKnownFileType = wrapper.xcdatamodel; path = Question01.xcdatamodel; sourceTree = "<group>"; };
		62E3AD842B251F48008C84BA /* Assets.xcassets */ = {isa = PBXFileReference; lastKnownFileType = folder.assetcatalog; path = Assets.xcassets; sourceTree = "<group>"; };
		62E3AD872B251F48008C84BA /* Base */ = {isa = PBXFileReference; lastKnownFileType = file.storyboard; name = Base; path = Base.lproj/LaunchScreen.storyboard; sourceTree = "<group>"; };
		62E3AD892B251F48008C84BA /* Info.plist */ = {isa = PBXFileReference; lastKnownFileType = text.plist.xml; path = Info.plist; sourceTree = "<group>"; };
		62E3AD912B2520EB008C84BA /* Constants.swift */ = {isa = PBXFileReference; lastKnownFileType = sourcecode.swift; path = Constants.swift; sourceTree = "<group>"; };
		6B231FB0A90C680BB24B724D /* Pods-Question01.release.xcconfig */ = {isa = PBXFileReference; includeInIndex = 1; lastKnownFileType = text.xcconfig; name = "Pods-Question01.release.xcconfig"; path = "Target Support Files/Pods-Question01/Pods-Question01.release.xcconfig"; sourceTree = "<group>"; };
		DE9C0BDE9399FAFCD5A529CA /* Pods-Question01.debug.xcconfig */ = {isa = PBXFileReference; includeInIndex = 1; lastKnownFileType = text.xcconfig; name = "Pods-Question01.debug.xcconfig"; path = "Target Support Files/Pods-Question01/Pods-Question01.debug.xcconfig"; sourceTree = "<group>"; };
		E211E56F9A42D7F0871B9602 /* Pods_Question01.framework */ = {isa = PBXFileReference; explicitFileType = wrapper.framework; includeInIndex = 0; path = Pods_Question01.framework; sourceTree = BUILT_PRODUCTS_DIR; };
/* End PBXFileReference section */

/* Begin PBXFrameworksBuildPhase section */
		62E3AD722B251F46008C84BA /* Frameworks */ = {
			isa = PBXFrameworksBuildPhase;
			buildActionMask = 2147483647;
			files = (
				3B1DD8ABDCCFD83FF3F7FBDE /* Pods_Question01.framework in Frameworks */,
			);
			runOnlyForDeploymentPostprocessing = 0;
		};
/* End PBXFrameworksBuildPhase section */

/* Begin PBXGroup section */
		1EE2C98C6EFE08F1C6DA26CF /* Frameworks */ = {
			isa = PBXGroup;
			children = (
				E211E56F9A42D7F0871B9602 /* Pods_Question01.framework */,
			);
			name = Frameworks;
			sourceTree = "<group>";
		};
		438AF2AD5BA1D96B5A182E57 /* Pods */ = {
			isa = PBXGroup;
			children = (
				DE9C0BDE9399FAFCD5A529CA /* Pods-Question01.debug.xcconfig */,
				6B231FB0A90C680BB24B724D /* Pods-Question01.release.xcconfig */,
			);
			path = Pods;
			sourceTree = "<group>";
		};
		62E3AD6C2B251F46008C84BA = {
			isa = PBXGroup;
			children = (
				62E3AD772B251F46008C84BA /* Question01 */,
				62E3AD762B251F46008C84BA /* Products */,
				438AF2AD5BA1D96B5A182E57 /* Pods */,
				1EE2C98C6EFE08F1C6DA26CF /* Frameworks */,
			);
			sourceTree = "<group>";
		};
		62E3AD762B251F46008C84BA /* Products */ = {
			isa = PBXGroup;
			children = (
				62E3AD752B251F46008C84BA /* Question01.app */,
			);
			name = Products;
			sourceTree = "<group>";
		};
		62E3AD772B251F46008C84BA /* Question01 */ = {
			isa = PBXGroup;
			children = (
				62E3AD782B251F46008C84BA /* AppDelegate.swift */,
				62E3AD7A2B251F46008C84BA /* SceneDelegate.swift */,
				62E3AD7C2B251F46008C84BA /* ViewController.swift */,
				62E3AD7E2B251F46008C84BA /* Main.storyboard */,
				62E3AD842B251F48008C84BA /* Assets.xcassets */,
				62E3AD862B251F48008C84BA /* LaunchScreen.storyboard */,
				62E3AD892B251F48008C84BA /* Info.plist */,
				62E3AD812B251F46008C84BA /* Question01.xcdatamodeld */,
				62E3AD912B2520EB008C84BA /* Constants.swift */,
			);
			path = Question01;
			sourceTree = "<group>";
		};
/* End PBXGroup section */

/* Begin PBXNativeTarget section */
		62E3AD742B251F46008C84BA /* Question01 */ = {
			isa = PBXNativeTarget;
			buildConfigurationList = 62E3AD8C2B251F48008C84BA /* Build configuration list for PBXNativeTarget "Question01" */;
			buildPhases = (
				9D37BD54A6FBC057DD9BE57E /* [CP] Check Pods Manifest.lock */,
				62E3AD712B251F46008C84BA /* Sources */,
				62E3AD722B251F46008C84BA /* Frameworks */,
				62E3AD732B251F46008C84BA /* Resources */,
				BC4A568A68453BF7B023E46D /* [CP] Embed Pods Frameworks */,
			);
			buildRules = (
			);
			dependencies = (
			);
			name = Question01;
			productName = Question01;
			productReference = 62E3AD752B251F46008C84BA /* Question01.app */;
			productType = "com.apple.product-type.application";
		};
/* End PBXNativeTarget section */

/* Begin PBXProject section */
		62E3AD6D2B251F46008C84BA /* Project object */ = {
			isa = PBXProject;
			attributes = {
				BuildIndependentTargetsInParallel = 1;
				LastSwiftUpdateCheck = 1420;
				LastUpgradeCheck = 1420;
				TargetAttributes = {
					62E3AD742B251F46008C84BA = {
						CreatedOnToolsVersion = 14.2;
					};
				};
			};
			buildConfigurationList = 62E3AD702B251F46008C84BA /* Build configuration list for PBXProject "Question01" */;
			compatibilityVersion = "Xcode 14.0";
			developmentRegion = en;
			hasScannedForEncodings = 0;
			knownRegions = (
				en,
				Base,
			);
			mainGroup = 62E3AD6C2B251F46008C84BA;
			productRefGroup = 62E3AD762B251F46008C84BA /* Products */;
			projectDirPath = "";
			projectRoot = "";
			targets = (
				62E3AD742B251F46008C84BA /* Question01 */,
			);
		};
/* End PBXProject section */

/* Begin PBXResourcesBuildPhase section */
		62E3AD732B251F46008C84BA /* Resources */ = {
			isa = PBXResourcesBuildPhase;
			buildActionMask = 2147483647;
			files = (
				62E3AD882B251F48008C84BA /* LaunchScreen.storyboard in Resources */,
				62E3AD852B251F48008C84BA /* Assets.xcassets in Resources */,
				62E3AD802B251F46008C84BA /* Main.storyboard in Resources */,
			);
			runOnlyForDeploymentPostprocessing = 0;
		};
/* End PBXResourcesBuildPhase section */

/* Begin PBXShellScriptBuildPhase section */
		9D37BD54A6FBC057DD9BE57E /* [CP] Check Pods Manifest.lock */ = {
			isa = PBXShellScriptBuildPhase;
			buildActionMask = 2147483647;
			files = (
			);
			inputFileListPaths = (
			);
			inputPaths = (
				"${PODS_PODFILE_DIR_PATH}/Podfile.lock",
				"${PODS_ROOT}/Manifest.lock",
			);
			name = "[CP] Check Pods Manifest.lock";
			outputFileListPaths = (
			);
			outputPaths = (
				"$(DERIVED_FILE_DIR)/Pods-Question01-checkManifestLockResult.txt",
			);
			runOnlyForDeploymentPostprocessing = 0;
			shellPath = /bin/sh;
			shellScript = "diff \"${PODS_PODFILE_DIR_PATH}/Podfile.lock\" \"${PODS_ROOT}/Manifest.lock\" > /dev/null\nif [ $? != 0 ] ; then\n    # print error to STDERR\n    echo \"error: The sandbox is not in sync with the Podfile.lock. Run 'pod install' or update your CocoaPods installation.\" >&2\n    exit 1\nfi\n# This output is used by Xcode 'outputs' to avoid re-running this script phase.\necho \"SUCCESS\" > \"${SCRIPT_OUTPUT_FILE_0}\"\n";
			showEnvVarsInLog = 0;
		};
		BC4A568A68453BF7B023E46D /* [CP] Embed Pods Frameworks */ = {
			isa = PBXShellScriptBuildPhase;
			buildActionMask = 2147483647;
			files = (
			);
			inputFileListPaths = (
				"${PODS_ROOT}/Target Support Files/Pods-Question01/Pods-Question01-frameworks-${CONFIGURATION}-input-files.xcfilelist",
			);
			name = "[CP] Embed Pods Frameworks";
			outputFileListPaths = (
				"${PODS_ROOT}/Target Support Files/Pods-Question01/Pods-Question01-frameworks-${CONFIGURATION}-output-files.xcfilelist",
			);
			runOnlyForDeploymentPostprocessing = 0;
			shellPath = /bin/sh;
			shellScript = "\"${PODS_ROOT}/Target Support Files/Pods-Question01/Pods-Question01-frameworks.sh\"\n";
			showEnvVarsInLog = 0;
		};
/* End PBXShellScriptBuildPhase section */

/* Begin PBXSourcesBuildPhase section */
		62E3AD712B251F46008C84BA /* Sources */ = {
			isa = PBXSourcesBuildPhase;
			buildActionMask = 2147483647;
			files = (
				62E3AD832B251F46008C84BA /* Question01.xcdatamodeld in Sources */,
				62E3AD7D2B251F46008C84BA /* ViewController.swift in Sources */,
				62E3AD792B251F46008C84BA /* AppDelegate.swift in Sources */,
				62E3AD7B2B251F46008C84BA /* SceneDelegate.swift in Sources */,
				62E3AD922B2520EB008C84BA /* Constants.swift in Sources */,
			);
			runOnlyForDeploymentPostprocessing = 0;
		};
/* End PBXSourcesBuildPhase section */

/* Begin PBXVariantGroup section */
		62E3AD7E2B251F46008C84BA /* Main.storyboard */ = {
			isa = PBXVariantGroup;
			children = (
				62E3AD7F2B251F46008C84BA /* Base */,
			);
			name = Main.storyboard;
			sourceTree = "<group>";
		};
		62E3AD862B251F48008C84BA /* LaunchScreen.storyboard */ = {
			isa = PBXVariantGroup;
			children = (
				62E3AD872B251F48008C84BA /* Base */,
			);
			name = LaunchScreen.storyboard;
			sourceTree = "<group>";
		};
/* End PBXVariantGroup section */

/* Begin XCBuildConfiguration section */
		62E3AD8A2B251F48008C84BA /* Debug */ = {
			isa = XCBuildConfiguration;
			buildSettings = {
				ALWAYS_SEARCH_USER_PATHS = NO;
				CLANG_ANALYZER_NONNULL = YES;
				CLANG_ANALYZER_NUMBER_OBJECT_CONVERSION = YES_AGGRESSIVE;
				CLANG_CXX_LANGUAGE_STANDARD = "gnu++20";
				CLANG_ENABLE_MODULES = YES;
				CLANG_ENABLE_OBJC_ARC = YES;
				CLANG_ENABLE_OBJC_WEAK = YES;
				CLANG_WARN_BLOCK_CAPTURE_AUTORELEASING = YES;
				CLANG_WARN_BOOL_CONVERSION = YES;
				CLANG_WARN_COMMA = YES;
				CLANG_WARN_CONSTANT_CONVERSION = YES;
				CLANG_WARN_DEPRECATED_OBJC_IMPLEMENTATIONS = YES;
				CLANG_WARN_DIRECT_OBJC_ISA_USAGE = YES_ERROR;
				CLANG_WARN_DOCUMENTATION_COMMENTS = YES;
				CLANG_WARN_EMPTY_BODY = YES;
				CLANG_WARN_ENUM_CONVERSION = YES;
				CLANG_WARN_INFINITE_RECURSION = YES;
				CLANG_WARN_INT_CONVERSION = YES;
				CLANG_WARN_NON_LITERAL_NULL_CONVERSION = YES;
				CLANG_WARN_OBJC_IMPLICIT_RETAIN_SELF = YES;
				CLANG_WARN_OBJC_LITERAL_CONVERSION = YES;
				CLANG_WARN_OBJC_ROOT_CLASS = YES_ERROR;
				CLANG_WARN_QUOTED_INCLUDE_IN_FRAMEWORK_HEADER = YES;
				CLANG_WARN_RANGE_LOOP_ANALYSIS = YES;
				CLANG_WARN_STRICT_PROTOTYPES = YES;
				CLANG_WARN_SUSPICIOUS_MOVE = YES;
				CLANG_WARN_UNGUARDED_AVAILABILITY = YES_AGGRESSIVE;
				CLANG_WARN_UNREACHABLE_CODE = YES;
				CLANG_WARN__DUPLICATE_METHOD_MATCH = YES;
				COPY_PHASE_STRIP = NO;
				DEBUG_INFORMATION_FORMAT = dwarf;
				ENABLE_STRICT_OBJC_MSGSEND = YES;
				ENABLE_TESTABILITY = YES;
				GCC_C_LANGUAGE_STANDARD = gnu11;
				GCC_DYNAMIC_NO_PIC = NO;
				GCC_NO_COMMON_BLOCKS = YES;
				GCC_OPTIMIZATION_LEVEL = 0;
				GCC_PREPROCESSOR_DEFINITIONS = (
					"DEBUG=1",
					"$(inherited)",
				);
				GCC_WARN_64_TO_32_BIT_CONVERSION = YES;
				GCC_WARN_ABOUT_RETURN_TYPE = YES_ERROR;
				GCC_WARN_UNDECLARED_SELECTOR = YES;
				GCC_WARN_UNINITIALIZED_AUTOS = YES_AGGRESSIVE;
				GCC_WARN_UNUSED_FUNCTION = YES;
				GCC_WARN_UNUSED_VARIABLE = YES;
				IPHONEOS_DEPLOYMENT_TARGET = 16.2;
				MTL_ENABLE_DEBUG_INFO = INCLUDE_SOURCE;
				MTL_FAST_MATH = YES;
				ONLY_ACTIVE_ARCH = YES;
				SDKROOT = iphoneos;
				SWIFT_ACTIVE_COMPILATION_CONDITIONS = DEBUG;
				SWIFT_OPTIMIZATION_LEVEL = "-Onone";
			};
			name = Debug;
		};
		62E3AD8B2B251F48008C84BA /* Release */ = {
			isa = XCBuildConfiguration;
			buildSettings = {
				ALWAYS_SEARCH_USER_PATHS = NO;
				CLANG_ANALYZER_NONNULL = YES;
				CLANG_ANALYZER_NUMBER_OBJECT_CONVERSION = YES_AGGRESSIVE;
				CLANG_CXX_LANGUAGE_STANDARD = "gnu++20";
				CLANG_ENABLE_MODULES = YES;
				CLANG_ENABLE_OBJC_ARC = YES;
				CLANG_ENABLE_OBJC_WEAK = YES;
				CLANG_WARN_BLOCK_CAPTURE_AUTORELEASING = YES;
				CLANG_WARN_BOOL_CONVERSION = YES;
				CLANG_WARN_COMMA = YES;
				CLANG_WARN_CONSTANT_CONVERSION = YES;
				CLANG_WARN_DEPRECATED_OBJC_IMPLEMENTATIONS = YES;
				CLANG_WARN_DIRECT_OBJC_ISA_USAGE = YES_ERROR;
				CLANG_WARN_DOCUMENTATION_COMMENTS = YES;
				CLANG_WARN_EMPTY_BODY = YES;
				CLANG_WARN_ENUM_CONVERSION = YES;
				CLANG_WARN_INFINITE_RECURSION = YES;
				CLANG_WARN_INT_CONVERSION = YES;
				CLANG_WARN_NON_LITERAL_NULL_CONVERSION = YES;
				CLANG_WARN_OBJC_IMPLICIT_RETAIN_SELF = YES;
				CLANG_WARN_OBJC_LITERAL_CONVERSION = YES;
				CLANG_WARN_OBJC_ROOT_CLASS = YES_ERROR;
				CLANG_WARN_QUOTED_INCLUDE_IN_FRAMEWORK_HEADER = YES;
				CLANG_WARN_RANGE_LOOP_ANALYSIS = YES;
				CLANG_WARN_STRICT_PROTOTYPES = YES;
				CLANG_WARN_SUSPICIOUS_MOVE = YES;
				CLANG_WARN_UNGUARDED_AVAILABILITY = YES_AGGRESSIVE;
				CLANG_WARN_UNREACHABLE_CODE = YES;
				CLANG_WARN__DUPLICATE_METHOD_MATCH = YES;
				COPY_PHASE_STRIP = NO;
				DEBUG_INFORMATION_FORMAT = "dwarf-with-dsym";
				ENABLE_NS_ASSERTIONS = NO;
				ENABLE_STRICT_OBJC_MSGSEND = YES;
				GCC_C_LANGUAGE_STANDARD = gnu11;
				GCC_NO_COMMON_BLOCKS = YES;
				GCC_WARN_64_TO_32_BIT_CONVERSION = YES;
				GCC_WARN_ABOUT_RETURN_TYPE = YES_ERROR;
				GCC_WARN_UNDECLARED_SELECTOR = YES;
				GCC_WARN_UNINITIALIZED_AUTOS = YES_AGGRESSIVE;
				GCC_WARN_UNUSED_FUNCTION = YES;
				GCC_WARN_UNUSED_VARIABLE = YES;
				IPHONEOS_DEPLOYMENT_TARGET = 16.2;
				MTL_ENABLE_DEBUG_INFO = NO;
				MTL_FAST_MATH = YES;
				SDKROOT = iphoneos;
				SWIFT_COMPILATION_MODE = wholemodule;
				SWIFT_OPTIMIZATION_LEVEL = "-O";
				VALIDATE_PRODUCT = YES;
			};
			name = Release;
		};
		62E3AD8D2B251F48008C84BA /* Debug */ = {
			isa = XCBuildConfiguration;
			baseConfigurationReference = DE9C0BDE9399FAFCD5A529CA /* Pods-Question01.debug.xcconfig */;
			buildSettings = {
				ASSETCATALOG_COMPILER_APPICON_NAME = AppIcon;
				ASSETCATALOG_COMPILER_GLOBAL_ACCENT_COLOR_NAME = AccentColor;
				CODE_SIGN_STYLE = Automatic;
				CURRENT_PROJECT_VERSION = 1;
				DEVELOPMENT_TEAM = NF5V9V9RM3;
				GENERATE_INFOPLIST_FILE = YES;
				INFOPLIST_FILE = Question01/Info.plist;
				INFOPLIST_KEY_UIApplicationSupportsIndirectInputEvents = YES;
				INFOPLIST_KEY_UILaunchStoryboardName = LaunchScreen;
				INFOPLIST_KEY_UIMainStoryboardFile = Main;
				INFOPLIST_KEY_UISupportedInterfaceOrientations_iPad = "UIInterfaceOrientationPortrait UIInterfaceOrientationPortraitUpsideDown UIInterfaceOrientationLandscapeLeft UIInterfaceOrientationLandscapeRight";
				INFOPLIST_KEY_UISupportedInterfaceOrientations_iPhone = "UIInterfaceOrientationPortrait UIInterfaceOrientationLandscapeLeft UIInterfaceOrientationLandscapeRight";
				LD_RUNPATH_SEARCH_PATHS = (
					"$(inherited)",
					"@executable_path/Frameworks",
				);
				MARKETING_VERSION = 1.0;
				PRODUCT_BUNDLE_IDENTIFIER = northeastern.edu.Question01;
				PRODUCT_NAME = "$(TARGET_NAME)";
				SWIFT_EMIT_LOC_STRINGS = YES;
				SWIFT_VERSION = 5.0;
				TARGETED_DEVICE_FAMILY = "1,2";
			};
			name = Debug;
		};
		62E3AD8E2B251F48008C84BA /* Release */ = {
			isa = XCBuildConfiguration;
			baseConfigurationReference = 6B231FB0A90C680BB24B724D /* Pods-Question01.release.xcconfig */;
			buildSettings = {
				ASSETCATALOG_COMPILER_APPICON_NAME = AppIcon;
				ASSETCATALOG_COMPILER_GLOBAL_ACCENT_COLOR_NAME = AccentColor;
				CODE_SIGN_STYLE = Automatic;
				CURRENT_PROJECT_VERSION = 1;
				DEVELOPMENT_TEAM = NF5V9V9RM3;
				GENERATE_INFOPLIST_FILE = YES;
				INFOPLIST_FILE = Question01/Info.plist;
				INFOPLIST_KEY_UIApplicationSupportsIndirectInputEvents = YES;
				INFOPLIST_KEY_UILaunchStoryboardName = LaunchScreen;
				INFOPLIST_KEY_UIMainStoryboardFile = Main;
				INFOPLIST_KEY_UISupportedInterfaceOrientations_iPad = "UIInterfaceOrientationPortrait UIInterfaceOrientationPortraitUpsideDown UIInterfaceOrientationLandscapeLeft UIInterfaceOrientationLandscapeRight";
				INFOPLIST_KEY_UISupportedInterfaceOrientations_iPhone = "UIInterfaceOrientationPortrait UIInterfaceOrientationLandscapeLeft UIInterfaceOrientationLandscapeRight";
				LD_RUNPATH_SEARCH_PATHS = (
					"$(inherited)",
					"@executable_path/Frameworks",
				);
				MARKETING_VERSION = 1.0;
				PRODUCT_BUNDLE_IDENTIFIER = northeastern.edu.Question01;
				PRODUCT_NAME = "$(TARGET_NAME)";
				SWIFT_EMIT_LOC_STRINGS = YES;
				SWIFT_VERSION = 5.0;
				TARGETED_DEVICE_FAMILY = "1,2";
			};
			name = Release;
		};
/* End XCBuildConfiguration section */

/* Begin XCConfigurationList section */
		62E3AD702B251F46008C84BA /* Build configuration list for PBXProject "Question01" */ = {
			isa = XCConfigurationList;
			buildConfigurations = (
				62E3AD8A2B251F48008C84BA /* Debug */,
				62E3AD8B2B251F48008C84BA /* Release */,
			);
			defaultConfigurationIsVisible = 0;
			defaultConfigurationName = Release;
		};
		62E3AD8C2B251F48008C84BA /* Build configuration list for PBXNativeTarget "Question01" */ = {
			isa = XCConfigurationList;
			buildConfigurations = (
				62E3AD8D2B251F48008C84BA /* Debug */,
				62E3AD8E2B251F48008C84BA /* Release */,
			);
			defaultConfigurationIsVisible = 0;
			defaultConfigurationName = Release;
		};
/* End XCConfigurationList section */

/* Begin XCVersionGroup section */
		62E3AD812B251F46008C84BA /* Question01.xcdatamodeld */ = {
			isa = XCVersionGroup;
			children = (
				62E3AD822B251F46008C84BA /* Question01.xcdatamodel */,
			);
			currentVersion = 62E3AD822B251F46008C84BA /* Question01.xcdatamodel */;
			path = Question01.xcdatamodeld;
			sourceTree = "<group>";
			versionGroupType = wrapper.xcdatamodel;
		};
/* End XCVersionGroup section */
	};
	rootObject = 62E3AD6D2B251F46008C84BA /* Project object */;
}
