// !$*UTF8*$!
{
	archiveVersion = 1;
	classes = {
	};
	objectVersion = 52;
	objects = {

/* Begin PBXBuildFile section */
		0DC95540BED56A3B1941BF3D /* Pods_StockApp.framework in Frameworks */ = {isa = PBXBuildFile; fileRef = 9BCF375C989A9E17BC2107CC /* Pods_StockApp.framework */; };
		62CD462B2AE47615000D3E2B /* AppDelegate.swift in Sources */ = {isa = PBXBuildFile; fileRef = 62CD462A2AE47615000D3E2B /* AppDelegate.swift */; };
		62CD462D2AE47615000D3E2B /* SceneDelegate.swift in Sources */ = {isa = PBXBuildFile; fileRef = 62CD462C2AE47615000D3E2B /* SceneDelegate.swift */; };
		62CD462F2AE47615000D3E2B /* ViewController.swift in Sources */ = {isa = PBXBuildFile; fileRef = 62CD462E2AE47615000D3E2B /* ViewController.swift */; };
		62CD46322AE47615000D3E2B /* Main.storyboard in Resources */ = {isa = PBXBuildFile; fileRef = 62CD46302AE47615000D3E2B /* Main.storyboard */; };
		62CD46342AE47615000D3E2B /* Assets.xcassets in Resources */ = {isa = PBXBuildFile; fileRef = 62CD46332AE47615000D3E2B /* Assets.xcassets */; };
		62CD46372AE47615000D3E2B /* LaunchScreen.storyboard in Resources */ = {isa = PBXBuildFile; fileRef = 62CD46352AE47615000D3E2B /* LaunchScreen.storyboard */; };
		62CD46472AE47E42000D3E2B /* Realm in Frameworks */ = {isa = PBXBuildFile; productRef = 62CD46462AE47E42000D3E2B /* Realm */; };
		62CD46492AE47E42000D3E2B /* RealmSwift in Frameworks */ = {isa = PBXBuildFile; productRef = 62CD46482AE47E42000D3E2B /* RealmSwift */; };
		62CD464C2AE480EF000D3E2B /* Constants.swift in Sources */ = {isa = PBXBuildFile; fileRef = 62CD464B2AE480EF000D3E2B /* Constants.swift */; };
		62CD46512AE48D2E000D3E2B /* AddStockViewController.swift in Sources */ = {isa = PBXBuildFile; fileRef = 62CD46502AE48D2E000D3E2B /* AddStockViewController.swift */; };
/* End PBXBuildFile section */

/* Begin PBXFileReference section */
		62CD46272AE47615000D3E2B /* StockApp.app */ = {isa = PBXFileReference; explicitFileType = wrapper.application; includeInIndex = 0; path = StockApp.app; sourceTree = BUILT_PRODUCTS_DIR; };
		62CD462A2AE47615000D3E2B /* AppDelegate.swift */ = {isa = PBXFileReference; lastKnownFileType = sourcecode.swift; path = AppDelegate.swift; sourceTree = "<group>"; };
		62CD462C2AE47615000D3E2B /* SceneDelegate.swift */ = {isa = PBXFileReference; lastKnownFileType = sourcecode.swift; path = SceneDelegate.swift; sourceTree = "<group>"; };
		62CD462E2AE47615000D3E2B /* ViewController.swift */ = {isa = PBXFileReference; lastKnownFileType = sourcecode.swift; path = ViewController.swift; sourceTree = "<group>"; };
		62CD46312AE47615000D3E2B /* Base */ = {isa = PBXFileReference; lastKnownFileType = file.storyboard; name = Base; path = Base.lproj/Main.storyboard; sourceTree = "<group>"; };
		62CD46332AE47615000D3E2B /* Assets.xcassets */ = {isa = PBXFileReference; lastKnownFileType = folder.assetcatalog; path = Assets.xcassets; sourceTree = "<group>"; };
		62CD46362AE47615000D3E2B /* Base */ = {isa = PBXFileReference; lastKnownFileType = file.storyboard; name = Base; path = Base.lproj/LaunchScreen.storyboard; sourceTree = "<group>"; };
		62CD46382AE47615000D3E2B /* Info.plist */ = {isa = PBXFileReference; lastKnownFileType = text.plist.xml; path = Info.plist; sourceTree = "<group>"; };
		62CD464B2AE480EF000D3E2B /* Constants.swift */ = {isa = PBXFileReference; lastKnownFileType = sourcecode.swift; path = Constants.swift; sourceTree = "<group>"; };
		62CD46502AE48D2E000D3E2B /* AddStockViewController.swift */ = {isa = PBXFileReference; lastKnownFileType = sourcecode.swift; path = AddStockViewController.swift; sourceTree = "<group>"; };
		658588DBBA119F7E463F48CC /* Pods-StockApp.release.xcconfig */ = {isa = PBXFileReference; includeInIndex = 1; lastKnownFileType = text.xcconfig; name = "Pods-StockApp.release.xcconfig"; path = "Pods/Target Support Files/Pods-StockApp/Pods-StockApp.release.xcconfig"; sourceTree = "<group>"; };
		9BCF375C989A9E17BC2107CC /* Pods_StockApp.framework */ = {isa = PBXFileReference; explicitFileType = wrapper.framework; includeInIndex = 0; path = Pods_StockApp.framework; sourceTree = BUILT_PRODUCTS_DIR; };
		D9D9B855E307809BA1F69EC8 /* Pods-StockApp.debug.xcconfig */ = {isa = PBXFileReference; includeInIndex = 1; lastKnownFileType = text.xcconfig; name = "Pods-StockApp.debug.xcconfig"; path = "Pods/Target Support Files/Pods-StockApp/Pods-StockApp.debug.xcconfig"; sourceTree = "<group>"; };
/* End PBXFileReference section */

/* Begin PBXFrameworksBuildPhase section */
		62CD46242AE47615000D3E2B /* Frameworks */ = {
			isa = PBXFrameworksBuildPhase;
			buildActionMask = 2147483647;
			files = (
				62CD46492AE47E42000D3E2B /* RealmSwift in Frameworks */,
				62CD46472AE47E42000D3E2B /* Realm in Frameworks */,
				0DC95540BED56A3B1941BF3D /* Pods_StockApp.framework in Frameworks */,
			);
			runOnlyForDeploymentPostprocessing = 0;
		};
/* End PBXFrameworksBuildPhase section */

/* Begin PBXGroup section */
		0D339EAF52E5E8B6BAF3F6E6 /* Frameworks */ = {
			isa = PBXGroup;
			children = (
				9BCF375C989A9E17BC2107CC /* Pods_StockApp.framework */,
			);
			name = Frameworks;
			sourceTree = "<group>";
		};
		44DA72AD59023E0E95664D67 /* Pods */ = {
			isa = PBXGroup;
			children = (
				D9D9B855E307809BA1F69EC8 /* Pods-StockApp.debug.xcconfig */,
				658588DBBA119F7E463F48CC /* Pods-StockApp.release.xcconfig */,
			);
			name = Pods;
			sourceTree = "<group>";
		};
		62CD461E2AE47614000D3E2B = {
			isa = PBXGroup;
			children = (
				62CD46292AE47615000D3E2B /* StockApp */,
				62CD46282AE47615000D3E2B /* Products */,
				44DA72AD59023E0E95664D67 /* Pods */,
				0D339EAF52E5E8B6BAF3F6E6 /* Frameworks */,
			);
			sourceTree = "<group>";
		};
		62CD46282AE47615000D3E2B /* Products */ = {
			isa = PBXGroup;
			children = (
				62CD46272AE47615000D3E2B /* StockApp.app */,
			);
			name = Products;
			sourceTree = "<group>";
		};
		62CD46292AE47615000D3E2B /* StockApp */ = {
			isa = PBXGroup;
			children = (
				62CD462A2AE47615000D3E2B /* AppDelegate.swift */,
				62CD462C2AE47615000D3E2B /* SceneDelegate.swift */,
				62CD462E2AE47615000D3E2B /* ViewController.swift */,
				62CD46302AE47615000D3E2B /* Main.storyboard */,
				62CD46332AE47615000D3E2B /* Assets.xcassets */,
				62CD46352AE47615000D3E2B /* LaunchScreen.storyboard */,
				62CD46382AE47615000D3E2B /* Info.plist */,
				62CD464E2AE480F5000D3E2B /* Utils */,
				62CD46502AE48D2E000D3E2B /* AddStockViewController.swift */,
			);
			path = StockApp;
			sourceTree = "<group>";
		};
		62CD464E2AE480F5000D3E2B /* Utils */ = {
			isa = PBXGroup;
			children = (
				62CD464B2AE480EF000D3E2B /* Constants.swift */,
			);
			path = Utils;
			sourceTree = "<group>";
		};
/* End PBXGroup section */

/* Begin PBXNativeTarget section */
		62CD46262AE47615000D3E2B /* StockApp */ = {
			isa = PBXNativeTarget;
			buildConfigurationList = 62CD463B2AE47615000D3E2B /* Build configuration list for PBXNativeTarget "StockApp" */;
			buildPhases = (
				C6BB153FCAD2E0D8AA8763FC /* [CP] Check Pods Manifest.lock */,
				62CD46232AE47615000D3E2B /* Sources */,
				62CD46242AE47615000D3E2B /* Frameworks */,
				62CD46252AE47615000D3E2B /* Resources */,
				CFA79F2318639810E6E0BF94 /* [CP] Embed Pods Frameworks */,
			);
			buildRules = (
			);
			dependencies = (
			);
			name = StockApp;
			packageProductDependencies = (
				62CD46462AE47E42000D3E2B /* Realm */,
				62CD46482AE47E42000D3E2B /* RealmSwift */,
			);
			productName = StockApp;
			productReference = 62CD46272AE47615000D3E2B /* StockApp.app */;
			productType = "com.apple.product-type.application";
		};
/* End PBXNativeTarget section */

/* Begin PBXProject section */
		62CD461F2AE47614000D3E2B /* Project object */ = {
			isa = PBXProject;
			attributes = {
				LastSwiftUpdateCheck = 1240;
				LastUpgradeCheck = 1240;
				TargetAttributes = {
					62CD46262AE47615000D3E2B = {
						CreatedOnToolsVersion = 12.4;
					};
				};
			};
			buildConfigurationList = 62CD46222AE47614000D3E2B /* Build configuration list for PBXProject "StockApp" */;
			compatibilityVersion = "Xcode 9.3";
			developmentRegion = en;
			hasScannedForEncodings = 0;
			knownRegions = (
				en,
				Base,
			);
			mainGroup = 62CD461E2AE47614000D3E2B;
			packageReferences = (
				62CD46452AE47E42000D3E2B /* XCRemoteSwiftPackageReference "realm-swift" */,
			);
			productRefGroup = 62CD46282AE47615000D3E2B /* Products */;
			projectDirPath = "";
			projectRoot = "";
			targets = (
				62CD46262AE47615000D3E2B /* StockApp */,
			);
		};
/* End PBXProject section */

/* Begin PBXResourcesBuildPhase section */
		62CD46252AE47615000D3E2B /* Resources */ = {
			isa = PBXResourcesBuildPhase;
			buildActionMask = 2147483647;
			files = (
				62CD46372AE47615000D3E2B /* LaunchScreen.storyboard in Resources */,
				62CD46342AE47615000D3E2B /* Assets.xcassets in Resources */,
				62CD46322AE47615000D3E2B /* Main.storyboard in Resources */,
			);
			runOnlyForDeploymentPostprocessing = 0;
		};
/* End PBXResourcesBuildPhase section */

/* Begin PBXShellScriptBuildPhase section */
		C6BB153FCAD2E0D8AA8763FC /* [CP] Check Pods Manifest.lock */ = {
			isa = PBXShellScriptBuildPhase;
			buildActionMask = 2147483647;
			files = (
			);
			inputPaths = (
				"${PODS_PODFILE_DIR_PATH}/Podfile.lock",
				"${PODS_ROOT}/Manifest.lock",
			);
			name = "[CP] Check Pods Manifest.lock";
			outputPaths = (
				"$(DERIVED_FILE_DIR)/Pods-StockApp-checkManifestLockResult.txt",
			);
			runOnlyForDeploymentPostprocessing = 0;
			shellPath = /bin/sh;
			shellScript = "diff \"${PODS_PODFILE_DIR_PATH}/Podfile.lock\" \"${PODS_ROOT}/Manifest.lock\" > /dev/null\nif [ $? != 0 ] ; then\n    # print error to STDERR\n    echo \"error: The sandbox is not in sync with the Podfile.lock. Run 'pod install' or update your CocoaPods installation.\" >&2\n    exit 1\nfi\n# This output is used by Xcode 'outputs' to avoid re-running this script phase.\necho \"SUCCESS\" > \"${SCRIPT_OUTPUT_FILE_0}\"\n";
			showEnvVarsInLog = 0;
		};
		CFA79F2318639810E6E0BF94 /* [CP] Embed Pods Frameworks */ = {
			isa = PBXShellScriptBuildPhase;
			buildActionMask = 2147483647;
			files = (
			);
			inputPaths = (
				"${SRCROOT}/Pods/Target Support Files/Pods-StockApp/Pods-StockApp-frameworks.sh",
				"${BUILT_PRODUCTS_DIR}/Alamofire/Alamofire.framework",
				"${BUILT_PRODUCTS_DIR}/SwiftSpinner/SwiftSpinner.framework",
				"${BUILT_PRODUCTS_DIR}/SwiftyJSON/SwiftyJSON.framework",
			);
			name = "[CP] Embed Pods Frameworks";
			outputPaths = (
				"${TARGET_BUILD_DIR}/${FRAMEWORKS_FOLDER_PATH}/Alamofire.framework",
				"${TARGET_BUILD_DIR}/${FRAMEWORKS_FOLDER_PATH}/SwiftSpinner.framework",
				"${TARGET_BUILD_DIR}/${FRAMEWORKS_FOLDER_PATH}/SwiftyJSON.framework",
			);
			runOnlyForDeploymentPostprocessing = 0;
			shellPath = /bin/sh;
			shellScript = "\"${SRCROOT}/Pods/Target Support Files/Pods-StockApp/Pods-StockApp-frameworks.sh\"\n";
			showEnvVarsInLog = 0;
		};
/* End PBXShellScriptBuildPhase section */

/* Begin PBXSourcesBuildPhase section */
		62CD46232AE47615000D3E2B /* Sources */ = {
			isa = PBXSourcesBuildPhase;
			buildActionMask = 2147483647;
			files = (
				62CD462F2AE47615000D3E2B /* ViewController.swift in Sources */,
				62CD462B2AE47615000D3E2B /* AppDelegate.swift in Sources */,
				62CD462D2AE47615000D3E2B /* SceneDelegate.swift in Sources */,
				62CD464C2AE480EF000D3E2B /* Constants.swift in Sources */,
				62CD46512AE48D2E000D3E2B /* AddStockViewController.swift in Sources */,
			);
			runOnlyForDeploymentPostprocessing = 0;
		};
/* End PBXSourcesBuildPhase section */

/* Begin PBXVariantGroup section */
		62CD46302AE47615000D3E2B /* Main.storyboard */ = {
			isa = PBXVariantGroup;
			children = (
				62CD46312AE47615000D3E2B /* Base */,
			);
			name = Main.storyboard;
			sourceTree = "<group>";
		};
		62CD46352AE47615000D3E2B /* LaunchScreen.storyboard */ = {
			isa = PBXVariantGroup;
			children = (
				62CD46362AE47615000D3E2B /* Base */,
			);
			name = LaunchScreen.storyboard;
			sourceTree = "<group>";
		};
/* End PBXVariantGroup section */

/* Begin XCBuildConfiguration section */
		62CD46392AE47615000D3E2B /* Debug */ = {
			isa = XCBuildConfiguration;
			buildSettings = {
				ALWAYS_SEARCH_USER_PATHS = NO;
				CLANG_ANALYZER_NONNULL = YES;
				CLANG_ANALYZER_NUMBER_OBJECT_CONVERSION = YES_AGGRESSIVE;
				CLANG_CXX_LANGUAGE_STANDARD = "gnu++14";
				CLANG_CXX_LIBRARY = "libc++";
				CLANG_ENABLE_MODULES = YES;
				CLANG_ENABLE_OBJC_ARC = YES;
				CLANG_ENABLE_OBJC_WEAK = YES;
				CLANG_WARN_BLOCK_CAPTURE_AUTORELEASING = YES;
				CLANG_WARN_BOOL_CONVERSION = YES;
				CLANG_WARN_COMMA = YES;
				CLANG_WARN_CONSTANT_CONVERSION = YES;
				CLANG_WARN_DEPRECATED_OBJC_IMPLEMENTATIONS = YES;
				CLANG_WARN_DIRECT_OBJC_ISA_USAGE = YES_ERROR;
				CLANG_WARN_DOCUMENTATION_COMMENTS = YES;
				CLANG_WARN_EMPTY_BODY = YES;
				CLANG_WARN_ENUM_CONVERSION = YES;
				CLANG_WARN_INFINITE_RECURSION = YES;
				CLANG_WARN_INT_CONVERSION = YES;
				CLANG_WARN_NON_LITERAL_NULL_CONVERSION = YES;
				CLANG_WARN_OBJC_IMPLICIT_RETAIN_SELF = YES;
				CLANG_WARN_OBJC_LITERAL_CONVERSION = YES;
				CLANG_WARN_OBJC_ROOT_CLASS = YES_ERROR;
				CLANG_WARN_QUOTED_INCLUDE_IN_FRAMEWORK_HEADER = YES;
				CLANG_WARN_RANGE_LOOP_ANALYSIS = YES;
				CLANG_WARN_STRICT_PROTOTYPES = YES;
				CLANG_WARN_SUSPICIOUS_MOVE = YES;
				CLANG_WARN_UNGUARDED_AVAILABILITY = YES_AGGRESSIVE;
				CLANG_WARN_UNREACHABLE_CODE = YES;
				CLANG_WARN__DUPLICATE_METHOD_MATCH = YES;
				COPY_PHASE_STRIP = NO;
				DEBUG_INFORMATION_FORMAT = dwarf;
				ENABLE_STRICT_OBJC_MSGSEND = YES;
				ENABLE_TESTABILITY = YES;
				GCC_C_LANGUAGE_STANDARD = gnu11;
				GCC_DYNAMIC_NO_PIC = NO;
				GCC_NO_COMMON_BLOCKS = YES;
				GCC_OPTIMIZATION_LEVEL = 0;
				GCC_PREPROCESSOR_DEFINITIONS = (
					"DEBUG=1",
					"$(inherited)",
				);
				GCC_WARN_64_TO_32_BIT_CONVERSION = YES;
				GCC_WARN_ABOUT_RETURN_TYPE = YES_ERROR;
				GCC_WARN_UNDECLARED_SELECTOR = YES;
				GCC_WARN_UNINITIALIZED_AUTOS = YES_AGGRESSIVE;
				GCC_WARN_UNUSED_FUNCTION = YES;
				GCC_WARN_UNUSED_VARIABLE = YES;
				IPHONEOS_DEPLOYMENT_TARGET = 14.4;
				MTL_ENABLE_DEBUG_INFO = INCLUDE_SOURCE;
				MTL_FAST_MATH = YES;
				ONLY_ACTIVE_ARCH = YES;
				SDKROOT = iphoneos;
				SWIFT_ACTIVE_COMPILATION_CONDITIONS = DEBUG;
				SWIFT_OPTIMIZATION_LEVEL = "-Onone";
			};
			name = Debug;
		};
		62CD463A2AE47615000D3E2B /* Release */ = {
			isa = XCBuildConfiguration;
			buildSettings = {
				ALWAYS_SEARCH_USER_PATHS = NO;
				CLANG_ANALYZER_NONNULL = YES;
				CLANG_ANALYZER_NUMBER_OBJECT_CONVERSION = YES_AGGRESSIVE;
				CLANG_CXX_LANGUAGE_STANDARD = "gnu++14";
				CLANG_CXX_LIBRARY = "libc++";
				CLANG_ENABLE_MODULES = YES;
				CLANG_ENABLE_OBJC_ARC = YES;
				CLANG_ENABLE_OBJC_WEAK = YES;
				CLANG_WARN_BLOCK_CAPTURE_AUTORELEASING = YES;
				CLANG_WARN_BOOL_CONVERSION = YES;
				CLANG_WARN_COMMA = YES;
				CLANG_WARN_CONSTANT_CONVERSION = YES;
				CLANG_WARN_DEPRECATED_OBJC_IMPLEMENTATIONS = YES;
				CLANG_WARN_DIRECT_OBJC_ISA_USAGE = YES_ERROR;
				CLANG_WARN_DOCUMENTATION_COMMENTS = YES;
				CLANG_WARN_EMPTY_BODY = YES;
				CLANG_WARN_ENUM_CONVERSION = YES;
				CLANG_WARN_INFINITE_RECURSION = YES;
				CLANG_WARN_INT_CONVERSION = YES;
				CLANG_WARN_NON_LITERAL_NULL_CONVERSION = YES;
				CLANG_WARN_OBJC_IMPLICIT_RETAIN_SELF = YES;
				CLANG_WARN_OBJC_LITERAL_CONVERSION = YES;
				CLANG_WARN_OBJC_ROOT_CLASS = YES_ERROR;
				CLANG_WARN_QUOTED_INCLUDE_IN_FRAMEWORK_HEADER = YES;
				CLANG_WARN_RANGE_LOOP_ANALYSIS = YES;
				CLANG_WARN_STRICT_PROTOTYPES = YES;
				CLANG_WARN_SUSPICIOUS_MOVE = YES;
				CLANG_WARN_UNGUARDED_AVAILABILITY = YES_AGGRESSIVE;
				CLANG_WARN_UNREACHABLE_CODE = YES;
				CLANG_WARN__DUPLICATE_METHOD_MATCH = YES;
				COPY_PHASE_STRIP = NO;
				DEBUG_INFORMATION_FORMAT = "dwarf-with-dsym";
				ENABLE_NS_ASSERTIONS = NO;
				ENABLE_STRICT_OBJC_MSGSEND = YES;
				GCC_C_LANGUAGE_STANDARD = gnu11;
				GCC_NO_COMMON_BLOCKS = YES;
				GCC_WARN_64_TO_32_BIT_CONVERSION = YES;
				GCC_WARN_ABOUT_RETURN_TYPE = YES_ERROR;
				GCC_WARN_UNDECLARED_SELECTOR = YES;
				GCC_WARN_UNINITIALIZED_AUTOS = YES_AGGRESSIVE;
				GCC_WARN_UNUSED_FUNCTION = YES;
				GCC_WARN_UNUSED_VARIABLE = YES;
				IPHONEOS_DEPLOYMENT_TARGET = 14.4;
				MTL_ENABLE_DEBUG_INFO = NO;
				MTL_FAST_MATH = YES;
				SDKROOT = iphoneos;
				SWIFT_COMPILATION_MODE = wholemodule;
				SWIFT_OPTIMIZATION_LEVEL = "-O";
				VALIDATE_PRODUCT = YES;
			};
			name = Release;
		};
		62CD463C2AE47615000D3E2B /* Debug */ = {
			isa = XCBuildConfiguration;
			baseConfigurationReference = D9D9B855E307809BA1F69EC8 /* Pods-StockApp.debug.xcconfig */;
			buildSettings = {
				ASSETCATALOG_COMPILER_APPICON_NAME = AppIcon;
				ASSETCATALOG_COMPILER_GLOBAL_ACCENT_COLOR_NAME = AccentColor;
				CODE_SIGN_STYLE = Automatic;
				DEVELOPMENT_TEAM = NF5V9V9RM3;
				INFOPLIST_FILE = StockApp/Info.plist;
				LD_RUNPATH_SEARCH_PATHS = (
					"$(inherited)",
					"@executable_path/Frameworks",
				);
				PRODUCT_BUNDLE_IDENTIFIER = edu.northeastern.lan.StockApp;
				PRODUCT_NAME = "$(TARGET_NAME)";
				SWIFT_VERSION = 5.0;
				TARGETED_DEVICE_FAMILY = "1,2";
			};
			name = Debug;
		};
		62CD463D2AE47615000D3E2B /* Release */ = {
			isa = XCBuildConfiguration;
			baseConfigurationReference = 658588DBBA119F7E463F48CC /* Pods-StockApp.release.xcconfig */;
			buildSettings = {
				ASSETCATALOG_COMPILER_APPICON_NAME = AppIcon;
				ASSETCATALOG_COMPILER_GLOBAL_ACCENT_COLOR_NAME = AccentColor;
				CODE_SIGN_STYLE = Automatic;
				DEVELOPMENT_TEAM = NF5V9V9RM3;
				INFOPLIST_FILE = StockApp/Info.plist;
				LD_RUNPATH_SEARCH_PATHS = (
					"$(inherited)",
					"@executable_path/Frameworks",
				);
				PRODUCT_BUNDLE_IDENTIFIER = edu.northeastern.lan.StockApp;
				PRODUCT_NAME = "$(TARGET_NAME)";
				SWIFT_VERSION = 5.0;
				TARGETED_DEVICE_FAMILY = "1,2";
			};
			name = Release;
		};
/* End XCBuildConfiguration section */

/* Begin XCConfigurationList section */
		62CD46222AE47614000D3E2B /* Build configuration list for PBXProject "StockApp" */ = {
			isa = XCConfigurationList;
			buildConfigurations = (
				62CD46392AE47615000D3E2B /* Debug */,
				62CD463A2AE47615000D3E2B /* Release */,
			);
			defaultConfigurationIsVisible = 0;
			defaultConfigurationName = Release;
		};
		62CD463B2AE47615000D3E2B /* Build configuration list for PBXNativeTarget "StockApp" */ = {
			isa = XCConfigurationList;
			buildConfigurations = (
				62CD463C2AE47615000D3E2B /* Debug */,
				62CD463D2AE47615000D3E2B /* Release */,
			);
			defaultConfigurationIsVisible = 0;
			defaultConfigurationName = Release;
		};
/* End XCConfigurationList section */

/* Begin XCRemoteSwiftPackageReference section */
		62CD46452AE47E42000D3E2B /* XCRemoteSwiftPackageReference "realm-swift" */ = {
			isa = XCRemoteSwiftPackageReference;
			repositoryURL = "https://github.com/realm/realm-swift.git";
			requirement = {
				kind = exactVersion;
				version = 10.24.1;
			};
		};
/* End XCRemoteSwiftPackageReference section */

/* Begin XCSwiftPackageProductDependency section */
		62CD46462AE47E42000D3E2B /* Realm */ = {
			isa = XCSwiftPackageProductDependency;
			package = 62CD46452AE47E42000D3E2B /* XCRemoteSwiftPackageReference "realm-swift" */;
			productName = Realm;
		};
		62CD46482AE47E42000D3E2B /* RealmSwift */ = {
			isa = XCSwiftPackageProductDependency;
			package = 62CD46452AE47E42000D3E2B /* XCRemoteSwiftPackageReference "realm-swift" */;
			productName = RealmSwift;
		};
/* End XCSwiftPackageProductDependency section */
	};
	rootObject = 62CD461F2AE47614000D3E2B /* Project object */;
}
